
Microsoft Visual Studio Solution File, Format Version 12.00
# Visual Studio 2013
VisualStudioVersion = 12.0.40629.0
MinimumVisualStudioVersion = 10.0.40219.1
Project("{FAE04EC0-301F-11D3-BF4B-00C04F79EFBC}") = "Garaio.CompositeC1Packages.IssuuDocument", "Garaio.CompositeC1Packages.IssuuDocument\Garaio.CompositeC1Packages.IssuuDocument.csproj", "{7A04FE6F-B653-42DD-B27B-3DA1DFC57B18}"
EndProject
Project("{2150E333-8FDC-42A3-9474-1A3956D46DE8}") = "Buildserver", "Buildserver", "{79BE7D86-D177-44DB-91E8-A9922A2B2DBD}"
EndProject
Project("{2150E333-8FDC-42A3-9474-1A3956D46DE8}") = "Solution Files", "Solution Files", "{5308ABD3-5A30-4477-9946-5DA5B2ECD072}"
	ProjectSection(SolutionItems) = preProject
		README.md = README.md
	EndProjectSection
EndProject
Global
	GlobalSection(SolutionConfigurationPlatforms) = preSolution
		Debug|Any CPU = Debug|Any CPU
		Release|Any CPU = Release|Any CPU
	EndGlobalSection
	GlobalSection(ProjectConfigurationPlatforms) = postSolution
		{7A04FE6F-B653-42DD-B27B-3DA1DFC57B18}.Debug|Any CPU.ActiveCfg = Debug|Any CPU
		{7A04FE6F-B653-42DD-B27B-3DA1DFC57B18}.Debug|Any CPU.Build.0 = Debug|Any CPU
		{7A04FE6F-B653-42DD-B27B-3DA1DFC57B18}.Release|Any CPU.ActiveCfg = Release|Any CPU
		{7A04FE6F-B653-42DD-B27B-3DA1DFC57B18}.Release|Any CPU.Build.0 = Release|Any CPU
	EndGlobalSection
	GlobalSection(SolutionProperties) = preSolution
		HideSolutionNode = FALSE
	EndGlobalSection
EndGlobal
